# @generated by Move, please check-in and do not edit manually.

[move]
version = 3
manifest_digest = "8C76FF9F1E36B7AA8E28F649288D5FD02011B196053BB2C4943CBEBB43CCC120"
deps_digest = "F8BBB0CCB2491CA29A3DF03D6F92277A4F3574266507ACD77214D37ECA3F3082"
dependencies = [
  { id = "Sui", name = "Sui" },
]

[[move.package]]
id = "MoveStdlib"
source = { git = "https://github.com/MystenLabs/sui.git", rev = "testnet", subdir = "crates/sui-framework/packages/move-stdlib" }

[[move.package]]
id = "Sui"
source = { git = "https://github.com/MystenLabs/sui.git", rev = "testnet", subdir = "crates/sui-framework/packages/sui-framework" }

dependencies = [
  { id = "MoveStdlib", name = "MoveStdlib" },
]

[move.toolchain-version]
compiler-version = "1.57.2"
edition = "2024"
flavor = "sui"

[env]

[env.testnet]
chain-id = "4c78adac"
original-published-id = "0x219eacf20c949bdc9587bc8a751c98ccf1c5be1084e8f17d8e80b09cf4636c63"
latest-published-id = "0x219eacf20c949bdc9587bc8a751c98ccf1c5be1084e8f17d8e80b09cf4636c63"
published-version = "1"
